
Microsoft Visual Studio Solution File, Format Version 12.00
# Visual Studio 2013
VisualStudioVersion = 12.0.30501.0
MinimumVisualStudioVersion = 10.0.40219.1
Project("{2150E333-8FDC-42A3-9474-1A3956D46DE8}") = "设计模式", "设计模式", "{65925C1F-1DBF-4E5F-B5B1-A59EACD0C48C}"
EndProject
Project("{FAE04EC0-301F-11D3-BF4B-00C04F79EFBC}") = "01-简单工厂模式", "C:\Source\Jerry\设计模式\01-简单工厂模式\01-简单工厂模式.csproj", "{16F58A01-88FF-4FDB-9173-110EFDD9B9A6}"
EndProject
Project("{FAE04EC0-301F-11D3-BF4B-00C04F79EFBC}") = "03-单一职责", "设计模式\03-单一职责\03-单一职责.csproj", "{40998F19-8B3C-4E08-95CE-9BB5423ADAFB}"
EndProject
Project("{FAE04EC0-301F-11D3-BF4B-00C04F79EFBC}") = "04-开放封闭", "设计模式\04-开放封闭\04-开放封闭.csproj", "{AA8C2C6C-6B18-4D6A-AA74-2E2DF02F8824}"
EndProject
Project("{FAE04EC0-301F-11D3-BF4B-00C04F79EFBC}") = "05-依赖倒转", "设计模式\05-依赖倒转\05-依赖倒转.csproj", "{1FACC72B-DECB-4E09-9A8A-834E79ACE31B}"
EndProject
Project("{FAE04EC0-301F-11D3-BF4B-00C04F79EFBC}") = "07-代理模式", "设计模式\07-代理模式\07-代理模式.csproj", "{D2E1A0AD-FC0F-4FE5-B6C8-7C098C73824A}"
EndProject
Project("{FAE04EC0-301F-11D3-BF4B-00C04F79EFBC}") = "08-工厂方法模式", "设计模式\08-工厂方法模式\08-工厂方法模式.csproj", "{4A2EB4E9-7C53-4E4B-80AD-A511F1235D39}"
EndProject
Project("{FAE04EC0-301F-11D3-BF4B-00C04F79EFBC}") = "09-原型模式", "设计模式\09-原型模式\09-原型模式.csproj", "{F2C091E5-844B-4816-B242-04E46772C956}"
EndProject
Project("{FAE04EC0-301F-11D3-BF4B-00C04F79EFBC}") = "10-模版", "设计模式\10-模版\10-模版.csproj", "{D8A9D729-EB16-4654-AB15-64104FB03716}"
EndProject
Project("{FAE04EC0-301F-11D3-BF4B-00C04F79EFBC}") = "11-迪米特法则", "设计模式\11-迪米特法则\11-迪米特法则.csproj", "{9FB7D9FE-FE32-41EB-8516-F1DCAFA0FDC4}"
EndProject
Project("{FAE04EC0-301F-11D3-BF4B-00C04F79EFBC}") = "12-外观模式", "设计模式\12-外观模式\12-外观模式.csproj", "{B827E3B5-F389-4895-B8AA-1B42C8BB6BAE}"
EndProject
Project("{FAE04EC0-301F-11D3-BF4B-00C04F79EFBC}") = "13-建造者模式", "设计模式\14-建造者模式\13-建造者模式.csproj", "{8AC82C92-679C-4B10-85B1-A3F03D7E09A7}"
EndProject
Project("{FAE04EC0-301F-11D3-BF4B-00C04F79EFBC}") = "15-抽象工厂", "设计模式\15-抽象工厂\15-抽象工厂.csproj", "{0496D265-7B82-4CFC-AC39-68EE27C98E07}"
EndProject
Project("{FAE04EC0-301F-11D3-BF4B-00C04F79EFBC}") = "16-状态模式", "设计模式\16-状态模式\16-状态模式.csproj", "{E9C74DBB-26D7-49EB-961D-F65518F5998B}"
EndProject
Project("{FAE04EC0-301F-11D3-BF4B-00C04F79EFBC}") = "17-适配器模式", "设计模式\17-适配器模式\17-适配器模式.csproj", "{E9B92559-36B8-481A-8D2E-F20DA799AC40}"
EndProject
Project("{FAE04EC0-301F-11D3-BF4B-00C04F79EFBC}") = "18-备忘录模式", "设计模式\18-备忘录模式\18-备忘录模式.csproj", "{876FFF0E-3F56-4521-8880-6FA2E798B6A3}"
EndProject
Project("{FAE04EC0-301F-11D3-BF4B-00C04F79EFBC}") = "19-组合模式", "设计模式\19-组合模式\19-组合模式.csproj", "{BAC7CA52-BA4E-4DFA-9589-8F15334B857E}"
EndProject
Project("{FAE04EC0-301F-11D3-BF4B-00C04F79EFBC}") = "20-Observer（观察者）", "设计模式\20-Observer（观察者）\20-Observer（观察者）.csproj", "{620E640B-E9FD-472F-A49B-879DCDB92EA8}"
EndProject
Project("{FAE04EC0-301F-11D3-BF4B-00C04F79EFBC}") = "20-迭代器模式", "设计模式\20-迭代器模式\20-迭代器模式.csproj", "{C87481D2-2C0D-453A-BA36-668445004D7D}"
EndProject
Project("{FAE04EC0-301F-11D3-BF4B-00C04F79EFBC}") = "21-单例模式", "设计模式\21-单例模式\21-单例模式.csproj", "{719023B1-6634-49BD-838E-4A05431EBA1F}"
EndProject
Project("{FAE04EC0-301F-11D3-BF4B-00C04F79EFBC}") = "22-桥接模式", "设计模式\22-桥接模式\22-桥接模式.csproj", "{C406B581-B431-490A-9203-5D2E2569CB3A}"
EndProject
Project("{FAE04EC0-301F-11D3-BF4B-00C04F79EFBC}") = "23-命令模式", "设计模式\23-命令模式\23-命令模式.csproj", "{5E526077-F164-4314-A602-ABF67F019401}"
EndProject
Project("{FAE04EC0-301F-11D3-BF4B-00C04F79EFBC}") = "24-职责模式", "设计模式\24-职责模式\24-职责模式.csproj", "{6785454D-A51E-4974-AFBC-8DF547387602}"
EndProject
Project("{FAE04EC0-301F-11D3-BF4B-00C04F79EFBC}") = "25-中介者模式", "设计模式\25-中介者模式\25-中介者模式.csproj", "{5F827ACD-01E9-4414-A0E1-48B094671637}"
EndProject
Project("{FAE04EC0-301F-11D3-BF4B-00C04F79EFBC}") = "26-享元模式", "设计模式\26-享元模式\26-享元模式.csproj", "{22B76498-31DB-441E-812A-52F26C157EF2}"
EndProject
Project("{FAE04EC0-301F-11D3-BF4B-00C04F79EFBC}") = "27-解释器模式", "设计模式\27-解释器模式\27-解释器模式.csproj", "{CEB357E7-F3CE-442F-8DAD-FD7EE8112FE2}"
EndProject
Project("{FAE04EC0-301F-11D3-BF4B-00C04F79EFBC}") = "28-访问者模式", "设计模式\28-访问者模式\28-访问者模式.csproj", "{5E7CCBA4-2E0E-4DC8-84B0-6EC0CC6DA554}"
EndProject
Project("{2150E333-8FDC-42A3-9474-1A3956D46DE8}") = ".nuget", ".nuget", "{43BBEB5C-DA70-4502-8F37-5BE15505B257}"
	ProjectSection(SolutionItems) = preProject
		.nuget\NuGet.Config = .nuget\NuGet.Config
		.nuget\NuGet.exe = .nuget\NuGet.exe
		.nuget\NuGet.targets = .nuget\NuGet.targets
	EndProjectSection
EndProject
Project("{2150E333-8FDC-42A3-9474-1A3956D46DE8}") = "Windows API", "Windows API", "{DFAC3010-C9E4-4181-841D-A5C772B190AA}"
EndProject
Project("{2150E333-8FDC-42A3-9474-1A3956D46DE8}") = "程序安装与设置", "程序安装与设置", "{27234829-28AC-4F2A-846F-9ED1AD608BB7}"
EndProject
Project("{2150E333-8FDC-42A3-9474-1A3956D46DE8}") = "进程线程和模块", "进程线程和模块", "{7890FF90-8069-4963-87AD-99AF3B32E121}"
EndProject
Project("{2150E333-8FDC-42A3-9474-1A3956D46DE8}") = "进程间通讯", "进程间通讯", "{2BBDA249-188D-4178-8C86-6B5BC50C958A}"
EndProject
Project("{2150E333-8FDC-42A3-9474-1A3956D46DE8}") = "内存管理", "内存管理", "{33112FED-434A-4A74-9D29-4831787D15EA}"
EndProject
Project("{2150E333-8FDC-42A3-9474-1A3956D46DE8}") = "设备驱动管理与内核通信", "设备驱动管理与内核通信", "{E3C55E48-3DFA-4B96-B452-2628132A6F53}"
EndProject
Project("{2150E333-8FDC-42A3-9474-1A3956D46DE8}") = "网络通信与配置", "网络通信与配置", "{BCEFC670-47C9-47D8-9800-E2BFDDEB0434}"
EndProject
Project("{2150E333-8FDC-42A3-9474-1A3956D46DE8}") = "文件系统", "文件系统", "{578B3045-EE06-48FD-8C74-44F7184D84E6}"
EndProject
Project("{2150E333-8FDC-42A3-9474-1A3956D46DE8}") = "系统信息管理", "系统信息管理", "{0B1AC151-5129-4BF5-9E1F-4AE153253036}"
EndProject
Project("{2150E333-8FDC-42A3-9474-1A3956D46DE8}") = "线程同步", "线程同步", "{43D285F1-8AF9-4A3D-9673-F30506C53F4C}"
EndProject
Project("{2150E333-8FDC-42A3-9474-1A3956D46DE8}") = "用户认证和对象安全", "用户认证和对象安全", "{12D5FD4E-ED47-49BE-9514-CB202DF17D92}"
EndProject
Project("{FAE04EC0-301F-11D3-BF4B-00C04F79EFBC}") = "02-策略模式", "设计模式\02-策略模式\02-策略模式.csproj", "{3F5FBAB3-64C9-4AA2-80FC-01F634777578}"
EndProject
Project("{FAE04EC0-301F-11D3-BF4B-00C04F79EFBC}") = "14-观察者", "设计模式\14-观察者\14-观察者.csproj", "{083DA258-7A85-43E6-8052-F6F0CB7F2315}"
EndProject
Global
	GlobalSection(SolutionConfigurationPlatforms) = preSolution
		Debug|Any CPU = Debug|Any CPU
		Release|Any CPU = Release|Any CPU
	EndGlobalSection
	GlobalSection(ProjectConfigurationPlatforms) = postSolution
		{16F58A01-88FF-4FDB-9173-110EFDD9B9A6}.Debug|Any CPU.ActiveCfg = Debug|Any CPU
		{16F58A01-88FF-4FDB-9173-110EFDD9B9A6}.Debug|Any CPU.Build.0 = Debug|Any CPU
		{16F58A01-88FF-4FDB-9173-110EFDD9B9A6}.Release|Any CPU.ActiveCfg = Release|Any CPU
		{16F58A01-88FF-4FDB-9173-110EFDD9B9A6}.Release|Any CPU.Build.0 = Release|Any CPU
		{40998F19-8B3C-4E08-95CE-9BB5423ADAFB}.Debug|Any CPU.ActiveCfg = Debug|Any CPU
		{40998F19-8B3C-4E08-95CE-9BB5423ADAFB}.Debug|Any CPU.Build.0 = Debug|Any CPU
		{40998F19-8B3C-4E08-95CE-9BB5423ADAFB}.Release|Any CPU.ActiveCfg = Release|Any CPU
		{40998F19-8B3C-4E08-95CE-9BB5423ADAFB}.Release|Any CPU.Build.0 = Release|Any CPU
		{AA8C2C6C-6B18-4D6A-AA74-2E2DF02F8824}.Debug|Any CPU.ActiveCfg = Debug|Any CPU
		{AA8C2C6C-6B18-4D6A-AA74-2E2DF02F8824}.Debug|Any CPU.Build.0 = Debug|Any CPU
		{AA8C2C6C-6B18-4D6A-AA74-2E2DF02F8824}.Release|Any CPU.ActiveCfg = Release|Any CPU
		{AA8C2C6C-6B18-4D6A-AA74-2E2DF02F8824}.Release|Any CPU.Build.0 = Release|Any CPU
		{1FACC72B-DECB-4E09-9A8A-834E79ACE31B}.Debug|Any CPU.ActiveCfg = Debug|Any CPU
		{1FACC72B-DECB-4E09-9A8A-834E79ACE31B}.Debug|Any CPU.Build.0 = Debug|Any CPU
		{1FACC72B-DECB-4E09-9A8A-834E79ACE31B}.Release|Any CPU.ActiveCfg = Release|Any CPU
		{1FACC72B-DECB-4E09-9A8A-834E79ACE31B}.Release|Any CPU.Build.0 = Release|Any CPU
		{D2E1A0AD-FC0F-4FE5-B6C8-7C098C73824A}.Debug|Any CPU.ActiveCfg = Debug|Any CPU
		{D2E1A0AD-FC0F-4FE5-B6C8-7C098C73824A}.Debug|Any CPU.Build.0 = Debug|Any CPU
		{D2E1A0AD-FC0F-4FE5-B6C8-7C098C73824A}.Release|Any CPU.ActiveCfg = Release|Any CPU
		{D2E1A0AD-FC0F-4FE5-B6C8-7C098C73824A}.Release|Any CPU.Build.0 = Release|Any CPU
		{4A2EB4E9-7C53-4E4B-80AD-A511F1235D39}.Debug|Any CPU.ActiveCfg = Debug|Any CPU
		{4A2EB4E9-7C53-4E4B-80AD-A511F1235D39}.Debug|Any CPU.Build.0 = Debug|Any CPU
		{4A2EB4E9-7C53-4E4B-80AD-A511F1235D39}.Release|Any CPU.ActiveCfg = Release|Any CPU
		{4A2EB4E9-7C53-4E4B-80AD-A511F1235D39}.Release|Any CPU.Build.0 = Release|Any CPU
		{F2C091E5-844B-4816-B242-04E46772C956}.Debug|Any CPU.ActiveCfg = Debug|Any CPU
		{F2C091E5-844B-4816-B242-04E46772C956}.Debug|Any CPU.Build.0 = Debug|Any CPU
		{F2C091E5-844B-4816-B242-04E46772C956}.Release|Any CPU.ActiveCfg = Release|Any CPU
		{F2C091E5-844B-4816-B242-04E46772C956}.Release|Any CPU.Build.0 = Release|Any CPU
		{D8A9D729-EB16-4654-AB15-64104FB03716}.Debug|Any CPU.ActiveCfg = Debug|Any CPU
		{D8A9D729-EB16-4654-AB15-64104FB03716}.Debug|Any CPU.Build.0 = Debug|Any CPU
		{D8A9D729-EB16-4654-AB15-64104FB03716}.Release|Any CPU.ActiveCfg = Release|Any CPU
		{D8A9D729-EB16-4654-AB15-64104FB03716}.Release|Any CPU.Build.0 = Release|Any CPU
		{9FB7D9FE-FE32-41EB-8516-F1DCAFA0FDC4}.Debug|Any CPU.ActiveCfg = Debug|Any CPU
		{9FB7D9FE-FE32-41EB-8516-F1DCAFA0FDC4}.Debug|Any CPU.Build.0 = Debug|Any CPU
		{9FB7D9FE-FE32-41EB-8516-F1DCAFA0FDC4}.Release|Any CPU.ActiveCfg = Release|Any CPU
		{9FB7D9FE-FE32-41EB-8516-F1DCAFA0FDC4}.Release|Any CPU.Build.0 = Release|Any CPU
		{B827E3B5-F389-4895-B8AA-1B42C8BB6BAE}.Debug|Any CPU.ActiveCfg = Debug|Any CPU
		{B827E3B5-F389-4895-B8AA-1B42C8BB6BAE}.Debug|Any CPU.Build.0 = Debug|Any CPU
		{B827E3B5-F389-4895-B8AA-1B42C8BB6BAE}.Release|Any CPU.ActiveCfg = Release|Any CPU
		{B827E3B5-F389-4895-B8AA-1B42C8BB6BAE}.Release|Any CPU.Build.0 = Release|Any CPU
		{8AC82C92-679C-4B10-85B1-A3F03D7E09A7}.Debug|Any CPU.ActiveCfg = Debug|Any CPU
		{8AC82C92-679C-4B10-85B1-A3F03D7E09A7}.Debug|Any CPU.Build.0 = Debug|Any CPU
		{8AC82C92-679C-4B10-85B1-A3F03D7E09A7}.Release|Any CPU.ActiveCfg = Release|Any CPU
		{8AC82C92-679C-4B10-85B1-A3F03D7E09A7}.Release|Any CPU.Build.0 = Release|Any CPU
		{0496D265-7B82-4CFC-AC39-68EE27C98E07}.Debug|Any CPU.ActiveCfg = Debug|Any CPU
		{0496D265-7B82-4CFC-AC39-68EE27C98E07}.Debug|Any CPU.Build.0 = Debug|Any CPU
		{0496D265-7B82-4CFC-AC39-68EE27C98E07}.Release|Any CPU.ActiveCfg = Release|Any CPU
		{0496D265-7B82-4CFC-AC39-68EE27C98E07}.Release|Any CPU.Build.0 = Release|Any CPU
		{E9C74DBB-26D7-49EB-961D-F65518F5998B}.Debug|Any CPU.ActiveCfg = Debug|Any CPU
		{E9C74DBB-26D7-49EB-961D-F65518F5998B}.Debug|Any CPU.Build.0 = Debug|Any CPU
		{E9C74DBB-26D7-49EB-961D-F65518F5998B}.Release|Any CPU.ActiveCfg = Release|Any CPU
		{E9C74DBB-26D7-49EB-961D-F65518F5998B}.Release|Any CPU.Build.0 = Release|Any CPU
		{E9B92559-36B8-481A-8D2E-F20DA799AC40}.Debug|Any CPU.ActiveCfg = Debug|Any CPU
		{E9B92559-36B8-481A-8D2E-F20DA799AC40}.Debug|Any CPU.Build.0 = Debug|Any CPU
		{E9B92559-36B8-481A-8D2E-F20DA799AC40}.Release|Any CPU.ActiveCfg = Release|Any CPU
		{E9B92559-36B8-481A-8D2E-F20DA799AC40}.Release|Any CPU.Build.0 = Release|Any CPU
		{876FFF0E-3F56-4521-8880-6FA2E798B6A3}.Debug|Any CPU.ActiveCfg = Debug|Any CPU
		{876FFF0E-3F56-4521-8880-6FA2E798B6A3}.Debug|Any CPU.Build.0 = Debug|Any CPU
		{876FFF0E-3F56-4521-8880-6FA2E798B6A3}.Release|Any CPU.ActiveCfg = Release|Any CPU
		{876FFF0E-3F56-4521-8880-6FA2E798B6A3}.Release|Any CPU.Build.0 = Release|Any CPU
		{BAC7CA52-BA4E-4DFA-9589-8F15334B857E}.Debug|Any CPU.ActiveCfg = Debug|Any CPU
		{BAC7CA52-BA4E-4DFA-9589-8F15334B857E}.Debug|Any CPU.Build.0 = Debug|Any CPU
		{BAC7CA52-BA4E-4DFA-9589-8F15334B857E}.Release|Any CPU.ActiveCfg = Release|Any CPU
		{BAC7CA52-BA4E-4DFA-9589-8F15334B857E}.Release|Any CPU.Build.0 = Release|Any CPU
		{620E640B-E9FD-472F-A49B-879DCDB92EA8}.Debug|Any CPU.ActiveCfg = Debug|Any CPU
		{620E640B-E9FD-472F-A49B-879DCDB92EA8}.Debug|Any CPU.Build.0 = Debug|Any CPU
		{620E640B-E9FD-472F-A49B-879DCDB92EA8}.Release|Any CPU.ActiveCfg = Release|Any CPU
		{620E640B-E9FD-472F-A49B-879DCDB92EA8}.Release|Any CPU.Build.0 = Release|Any CPU
		{C87481D2-2C0D-453A-BA36-668445004D7D}.Debug|Any CPU.ActiveCfg = Debug|Any CPU
		{C87481D2-2C0D-453A-BA36-668445004D7D}.Debug|Any CPU.Build.0 = Debug|Any CPU
		{C87481D2-2C0D-453A-BA36-668445004D7D}.Release|Any CPU.ActiveCfg = Release|Any CPU
		{C87481D2-2C0D-453A-BA36-668445004D7D}.Release|Any CPU.Build.0 = Release|Any CPU
		{719023B1-6634-49BD-838E-4A05431EBA1F}.Debug|Any CPU.ActiveCfg = Debug|Any CPU
		{719023B1-6634-49BD-838E-4A05431EBA1F}.Debug|Any CPU.Build.0 = Debug|Any CPU
		{719023B1-6634-49BD-838E-4A05431EBA1F}.Release|Any CPU.ActiveCfg = Release|Any CPU
		{719023B1-6634-49BD-838E-4A05431EBA1F}.Release|Any CPU.Build.0 = Release|Any CPU
		{C406B581-B431-490A-9203-5D2E2569CB3A}.Debug|Any CPU.ActiveCfg = Debug|Any CPU
		{C406B581-B431-490A-9203-5D2E2569CB3A}.Debug|Any CPU.Build.0 = Debug|Any CPU
		{C406B581-B431-490A-9203-5D2E2569CB3A}.Release|Any CPU.ActiveCfg = Release|Any CPU
		{C406B581-B431-490A-9203-5D2E2569CB3A}.Release|Any CPU.Build.0 = Release|Any CPU
		{5E526077-F164-4314-A602-ABF67F019401}.Debug|Any CPU.ActiveCfg = Debug|Any CPU
		{5E526077-F164-4314-A602-ABF67F019401}.Debug|Any CPU.Build.0 = Debug|Any CPU
		{5E526077-F164-4314-A602-ABF67F019401}.Release|Any CPU.ActiveCfg = Release|Any CPU
		{5E526077-F164-4314-A602-ABF67F019401}.Release|Any CPU.Build.0 = Release|Any CPU
		{6785454D-A51E-4974-AFBC-8DF547387602}.Debug|Any CPU.ActiveCfg = Debug|Any CPU
		{6785454D-A51E-4974-AFBC-8DF547387602}.Debug|Any CPU.Build.0 = Debug|Any CPU
		{6785454D-A51E-4974-AFBC-8DF547387602}.Release|Any CPU.ActiveCfg = Release|Any CPU
		{6785454D-A51E-4974-AFBC-8DF547387602}.Release|Any CPU.Build.0 = Release|Any CPU
		{5F827ACD-01E9-4414-A0E1-48B094671637}.Debug|Any CPU.ActiveCfg = Debug|Any CPU
		{5F827ACD-01E9-4414-A0E1-48B094671637}.Debug|Any CPU.Build.0 = Debug|Any CPU
		{5F827ACD-01E9-4414-A0E1-48B094671637}.Release|Any CPU.ActiveCfg = Release|Any CPU
		{5F827ACD-01E9-4414-A0E1-48B094671637}.Release|Any CPU.Build.0 = Release|Any CPU
		{22B76498-31DB-441E-812A-52F26C157EF2}.Debug|Any CPU.ActiveCfg = Debug|Any CPU
		{22B76498-31DB-441E-812A-52F26C157EF2}.Debug|Any CPU.Build.0 = Debug|Any CPU
		{22B76498-31DB-441E-812A-52F26C157EF2}.Release|Any CPU.ActiveCfg = Release|Any CPU
		{22B76498-31DB-441E-812A-52F26C157EF2}.Release|Any CPU.Build.0 = Release|Any CPU
		{CEB357E7-F3CE-442F-8DAD-FD7EE8112FE2}.Debug|Any CPU.ActiveCfg = Debug|Any CPU
		{CEB357E7-F3CE-442F-8DAD-FD7EE8112FE2}.Debug|Any CPU.Build.0 = Debug|Any CPU
		{CEB357E7-F3CE-442F-8DAD-FD7EE8112FE2}.Release|Any CPU.ActiveCfg = Release|Any CPU
		{CEB357E7-F3CE-442F-8DAD-FD7EE8112FE2}.Release|Any CPU.Build.0 = Release|Any CPU
		{5E7CCBA4-2E0E-4DC8-84B0-6EC0CC6DA554}.Debug|Any CPU.ActiveCfg = Debug|Any CPU
		{5E7CCBA4-2E0E-4DC8-84B0-6EC0CC6DA554}.Debug|Any CPU.Build.0 = Debug|Any CPU
		{5E7CCBA4-2E0E-4DC8-84B0-6EC0CC6DA554}.Release|Any CPU.ActiveCfg = Release|Any CPU
		{5E7CCBA4-2E0E-4DC8-84B0-6EC0CC6DA554}.Release|Any CPU.Build.0 = Release|Any CPU
		{3F5FBAB3-64C9-4AA2-80FC-01F634777578}.Debug|Any CPU.ActiveCfg = Debug|Any CPU
		{3F5FBAB3-64C9-4AA2-80FC-01F634777578}.Debug|Any CPU.Build.0 = Debug|Any CPU
		{3F5FBAB3-64C9-4AA2-80FC-01F634777578}.Release|Any CPU.ActiveCfg = Release|Any CPU
		{3F5FBAB3-64C9-4AA2-80FC-01F634777578}.Release|Any CPU.Build.0 = Release|Any CPU
		{083DA258-7A85-43E6-8052-F6F0CB7F2315}.Debug|Any CPU.ActiveCfg = Debug|Any CPU
		{083DA258-7A85-43E6-8052-F6F0CB7F2315}.Debug|Any CPU.Build.0 = Debug|Any CPU
		{083DA258-7A85-43E6-8052-F6F0CB7F2315}.Release|Any CPU.ActiveCfg = Release|Any CPU
		{083DA258-7A85-43E6-8052-F6F0CB7F2315}.Release|Any CPU.Build.0 = Release|Any CPU
	EndGlobalSection
	GlobalSection(SolutionProperties) = preSolution
		HideSolutionNode = FALSE
	EndGlobalSection
	GlobalSection(NestedProjects) = preSolution
		{16F58A01-88FF-4FDB-9173-110EFDD9B9A6} = {65925C1F-1DBF-4E5F-B5B1-A59EACD0C48C}
		{40998F19-8B3C-4E08-95CE-9BB5423ADAFB} = {65925C1F-1DBF-4E5F-B5B1-A59EACD0C48C}
		{AA8C2C6C-6B18-4D6A-AA74-2E2DF02F8824} = {65925C1F-1DBF-4E5F-B5B1-A59EACD0C48C}
		{1FACC72B-DECB-4E09-9A8A-834E79ACE31B} = {65925C1F-1DBF-4E5F-B5B1-A59EACD0C48C}
		{D2E1A0AD-FC0F-4FE5-B6C8-7C098C73824A} = {65925C1F-1DBF-4E5F-B5B1-A59EACD0C48C}
		{4A2EB4E9-7C53-4E4B-80AD-A511F1235D39} = {65925C1F-1DBF-4E5F-B5B1-A59EACD0C48C}
		{F2C091E5-844B-4816-B242-04E46772C956} = {65925C1F-1DBF-4E5F-B5B1-A59EACD0C48C}
		{D8A9D729-EB16-4654-AB15-64104FB03716} = {65925C1F-1DBF-4E5F-B5B1-A59EACD0C48C}
		{9FB7D9FE-FE32-41EB-8516-F1DCAFA0FDC4} = {65925C1F-1DBF-4E5F-B5B1-A59EACD0C48C}
		{B827E3B5-F389-4895-B8AA-1B42C8BB6BAE} = {65925C1F-1DBF-4E5F-B5B1-A59EACD0C48C}
		{8AC82C92-679C-4B10-85B1-A3F03D7E09A7} = {65925C1F-1DBF-4E5F-B5B1-A59EACD0C48C}
		{0496D265-7B82-4CFC-AC39-68EE27C98E07} = {65925C1F-1DBF-4E5F-B5B1-A59EACD0C48C}
		{E9C74DBB-26D7-49EB-961D-F65518F5998B} = {65925C1F-1DBF-4E5F-B5B1-A59EACD0C48C}
		{E9B92559-36B8-481A-8D2E-F20DA799AC40} = {65925C1F-1DBF-4E5F-B5B1-A59EACD0C48C}
		{876FFF0E-3F56-4521-8880-6FA2E798B6A3} = {65925C1F-1DBF-4E5F-B5B1-A59EACD0C48C}
		{BAC7CA52-BA4E-4DFA-9589-8F15334B857E} = {65925C1F-1DBF-4E5F-B5B1-A59EACD0C48C}
		{620E640B-E9FD-472F-A49B-879DCDB92EA8} = {65925C1F-1DBF-4E5F-B5B1-A59EACD0C48C}
		{C87481D2-2C0D-453A-BA36-668445004D7D} = {65925C1F-1DBF-4E5F-B5B1-A59EACD0C48C}
		{719023B1-6634-49BD-838E-4A05431EBA1F} = {65925C1F-1DBF-4E5F-B5B1-A59EACD0C48C}
		{C406B581-B431-490A-9203-5D2E2569CB3A} = {65925C1F-1DBF-4E5F-B5B1-A59EACD0C48C}
		{5E526077-F164-4314-A602-ABF67F019401} = {65925C1F-1DBF-4E5F-B5B1-A59EACD0C48C}
		{6785454D-A51E-4974-AFBC-8DF547387602} = {65925C1F-1DBF-4E5F-B5B1-A59EACD0C48C}
		{5F827ACD-01E9-4414-A0E1-48B094671637} = {65925C1F-1DBF-4E5F-B5B1-A59EACD0C48C}
		{22B76498-31DB-441E-812A-52F26C157EF2} = {65925C1F-1DBF-4E5F-B5B1-A59EACD0C48C}
		{CEB357E7-F3CE-442F-8DAD-FD7EE8112FE2} = {65925C1F-1DBF-4E5F-B5B1-A59EACD0C48C}
		{5E7CCBA4-2E0E-4DC8-84B0-6EC0CC6DA554} = {65925C1F-1DBF-4E5F-B5B1-A59EACD0C48C}
		{3F5FBAB3-64C9-4AA2-80FC-01F634777578} = {65925C1F-1DBF-4E5F-B5B1-A59EACD0C48C}
		{083DA258-7A85-43E6-8052-F6F0CB7F2315} = {65925C1F-1DBF-4E5F-B5B1-A59EACD0C48C}
	EndGlobalSection
EndGlobal
